
Microsoft Visual Studio Solution File, Format Version 12.00
# Visual Studio Version 16
VisualStudioVersion = 16.0.32929.386
MinimumVisualStudioVersion = 10.0.40219.1
Project("{FAE04EC0-301F-11D3-BF4B-00C04F79EFBC}") = "RestWithASPNETUdemy", "RestWithASPNETUdemy\RestWithASPNETUdemy.csproj", "{0013BAF6-9497-4C22-9FF9-1F837152A585}"
EndProject
Global
	GlobalSection(SolutionConfigurationPlatforms) = preSolution
		Debug|Any CPU = Debug|Any CPU
		Release|Any CPU = Release|Any CPU
	EndGlobalSection
	GlobalSection(ProjectConfigurationPlatforms) = postSolution
		{0013BAF6-9497-4C22-9FF9-1F837152A585}.Debug|Any CPU.ActiveCfg = Debug|Any CPU
		{0013BAF6-9497-4C22-9FF9-1F837152A585}.Debug|Any CPU.Build.0 = Debug|Any CPU
		{0013BAF6-9497-4C22-9FF9-1F837152A585}.Release|Any CPU.ActiveCfg = Release|Any CPU
		{0013BAF6-9497-4C22-9FF9-1F837152A585}.Release|Any CPU.Build.0 = Release|Any CPU
	EndGlobalSection
	GlobalSection(SolutionProperties) = preSolution
		HideSolutionNode = FALSE
	EndGlobalSection
	GlobalSection(ExtensibilityGlobals) = postSolution
		SolutionGuid = {EDB41ED2-C261-45AF-8CC7-C39D47FA072E}
	EndGlobalSection
EndGlobal
